<?xml version="1.0" encoding="utf-8"?>
<Project ToolsVersion="4.0" xmlns="http://schemas.microsoft.com/developer/msbuild/2003">
  <ItemGroup>
    <Filter Include="소스 파일">
      <UniqueIdentifier>{4FC737F1-C7A5-4376-A066-2A32D752A2FF}</UniqueIdentifier>
      <Extensions>cpp;c;cc;cxx;def;odl;idl;hpj;bat;asm;asmx</Extensions>
    </Filter>
    <Filter Include="헤더 파일">
      <UniqueIdentifier>{93995380-89BD-4b04-88EB-625FBE52EBFB}</UniqueIdentifier>
      <Extensions>h;hh;hpp;hxx;hm;inl;inc;ipp;xsd</Extensions>
    </Filter>
    <Filter Include="리소스 파일">
      <UniqueIdentifier>{67DA6AB6-F800-4c08-8B7A-83BB121AAD01}</UniqueIdentifier>
      <Extensions>rc;ico;cur;bmp;dlg;rc2;rct;bin;rgs;gif;jpg;jpeg;jpe;resx;tiff;tif;png;wav;mfcribbon-ms</Extensions>
    </Filter>
    <Filter Include="소스 파일\Imgui">
      <UniqueIdentifier>{f9560930-5a88-4c15-b3ca-bbd180c5ba63}</UniqueIdentifier>
    </Filter>
    <Filter Include="소스 파일\Core">
      <UniqueIdentifier>{956e2027-a6d8-4302-8b3c-90f7b36bd151}</UniqueIdentifier>
    </Filter>
    <Filter Include="소스 파일\Core\Graphics">
      <UniqueIdentifier>{92fc5fbf-8919-4015-8e79-df716de1037d}</UniqueIdentifier>
    </Filter>
    <Filter Include="소스 파일\Core\Systems">
      <UniqueIdentifier>{450afdf5-a0a0-473b-b09e-2f2fb3fca0ec}</UniqueIdentifier>
    </Filter>
  </ItemGroup>
  <ItemGroup>
    <ClCompile Include="main.cpp">
      <Filter>소스 파일</Filter>
    </ClCompile>
    <ClCompile Include="external\imgui\imgui.cpp">
      <Filter>소스 파일\Imgui</Filter>
    </ClCompile>
    <ClCompile Include="external\imgui\imgui_demo.cpp">
      <Filter>소스 파일\Imgui</Filter>
    </ClCompile>
    <ClCompile Include="external\imgui\imgui_draw.cpp">
      <Filter>소스 파일\Imgui</Filter>
    </ClCompile>
    <ClCompile Include="external\imgui\imgui_impl_glfw.cpp">
      <Filter>소스 파일\Imgui</Filter>
    </ClCompile>
    <ClCompile Include="external\imgui\imgui_impl_opengl3.cpp">
      <Filter>소스 파일\Imgui</Filter>
    </ClCompile>
    <ClCompile Include="external\imgui\imgui_widgets.cpp">
      <Filter>소스 파일\Imgui</Filter>
    </ClCompile>
    <ClCompile Include="external\glad.c">
      <Filter>소스 파일\Imgui</Filter>
    </ClCompile>
    <ClCompile Include="Object.cpp">
      <Filter>소스 파일\Core</Filter>
    </ClCompile>
    <ClCompile Include="Transform.cpp">
      <Filter>소스 파일\Core</Filter>
    </ClCompile>
    <ClCompile Include="Shader.h">
      <Filter>소스 파일\Core\Graphics</Filter>
    </ClCompile>
  </ItemGroup>
  <ItemGroup>
    <ClInclude Include="external\imgui\imconfig.h">
      <Filter>소스 파일\Imgui</Filter>
    </ClInclude>
    <ClInclude Include="external\imgui\imgui.h">
      <Filter>소스 파일\Imgui</Filter>
    </ClInclude>
    <ClInclude Include="external\imgui\imgui_impl_glfw.h">
      <Filter>소스 파일\Imgui</Filter>
    </ClInclude>
    <ClInclude Include="external\imgui\imgui_impl_opengl3.h">
      <Filter>소스 파일\Imgui</Filter>
    </ClInclude>
    <ClInclude Include="external\imgui\imgui_internal.h">
      <Filter>소스 파일\Imgui</Filter>
    </ClInclude>
    <ClInclude Include="external\imgui\imstb_rectpack.h">
      <Filter>소스 파일\Imgui</Filter>
    </ClInclude>
    <ClInclude Include="external\imgui\imstb_textedit.h">
      <Filter>소스 파일\Imgui</Filter>
    </ClInclude>
    <ClInclude Include="external\imgui\imstb_truetype.h">
      <Filter>소스 파일\Imgui</Filter>
    </ClInclude>
    <ClInclude Include="Object.h">
      <Filter>소스 파일\Core</Filter>
    </ClInclude>
    <ClInclude Include="Transform.h">
      <Filter>소스 파일\Core</Filter>
    </ClInclude>
    <ClInclude Include="Component.h">
      <Filter>소스 파일\Core</Filter>
    </ClInclude>
    <ClInclude Include="Utility.hpp">
      <Filter>소스 파일\Core</Filter>
    </ClInclude>
    <ClInclude Include="Mesh.h">
      <Filter>소스 파일\Core\Graphics</Filter>
    </ClInclude>
    <ClInclude Include="Model.h">
      <Filter>소스 파일\Core\Graphics</Filter>
    </ClInclude>
    <ClInclude Include="Camera.h">
      <Filter>소스 파일\Core\Graphics</Filter>
    </ClInclude>
    <ClInclude Include="Types.h">
      <Filter>소스 파일\Core\Systems</Filter>
    </ClInclude>
    <ClInclude Include="EntityManager.hpp">
      <Filter>소스 파일\Core\Systems</Filter>
    </ClInclude>
    <ClInclude Include="ComponentManager.hpp">
      <Filter>소스 파일\Core\Systems</Filter>
    </ClInclude>
    <ClInclude Include="ComponentVector.hpp">
      <Filter>소스 파일\Core\Systems</Filter>
    </ClInclude>
    <ClInclude Include="Coordinator.hpp">
      <Filter>소스 파일\Core\Systems</Filter>
    </ClInclude>
    <ClInclude Include="SystemManager.hpp">
      <Filter>소스 파일\Core\Systems</Filter>
    </ClInclude>
    <ClInclude Include="System.hpp">
      <Filter>소스 파일\Core\Systems</Filter>
    </ClInclude>
  </ItemGroup>
</Project>